
Microsoft Visual Studio Solution File, Format Version 12.00
# Visual Studio Version 16
VisualStudioVersion = 16.0.30011.22
MinimumVisualStudioVersion = 10.0.40219.1
Project("{FAE04EC0-301F-11D3-BF4B-00C04F79EFBC}") = "5.Read files - Mix and Sort", "5.Read files - Mix and Sort\5.Read files - Mix and Sort.csproj", "{FBAC7DFD-DD35-4713-869D-CAE398CC0304}"
EndProject
Global
	GlobalSection(SolutionConfigurationPlatforms) = preSolution
		Debug|Any CPU = Debug|Any CPU
		Release|Any CPU = Release|Any CPU
	EndGlobalSection
	GlobalSection(ProjectConfigurationPlatforms) = postSolution
		{FBAC7DFD-DD35-4713-869D-CAE398CC0304}.Debug|Any CPU.ActiveCfg = Debug|Any CPU
		{FBAC7DFD-DD35-4713-869D-CAE398CC0304}.Debug|Any CPU.Build.0 = Debug|Any CPU
		{FBAC7DFD-DD35-4713-869D-CAE398CC0304}.Release|Any CPU.ActiveCfg = Release|Any CPU
		{FBAC7DFD-DD35-4713-869D-CAE398CC0304}.Release|Any CPU.Build.0 = Release|Any CPU
	EndGlobalSection
	GlobalSection(SolutionProperties) = preSolution
		HideSolutionNode = FALSE
	EndGlobalSection
	GlobalSection(ExtensibilityGlobals) = postSolution
		SolutionGuid = {CAC6EBBD-EA02-44EA-8B06-AD2525667288}
	EndGlobalSection
EndGlobal
